// !$*UTF8*$!
{
	archiveVersion = 1;
	classes = {
	};
	objectVersion = 56;
	objects = {

/* Begin PBXBuildFile section */
		3FC23FFC29F53E4200FB9B71 /* SwiftUISampleApp.swift in Sources */ = {isa = PBXBuildFile; fileRef = 3FC23FFB29F53E4200FB9B71 /* SwiftUISampleApp.swift */; };
		3FC23FFE29F53E4200FB9B71 /* AppHome.swift in Sources */ = {isa = PBXBuildFile; fileRef = 3FC23FFD29F53E4200FB9B71 /* AppHome.swift */; };
		3FC2400029F53E4300FB9B71 /* Assets.xcassets in Resources */ = {isa = PBXBuildFile; fileRef = 3FC23FFF29F53E4300FB9B71 /* Assets.xcassets */; };
		3FC2400429F53E4300FB9B71 /* Preview Assets.xcassets in Resources */ = {isa = PBXBuildFile; fileRef = 3FC2400329F53E4300FB9B71 /* Preview Assets.xcassets */; };
		3FC2400B29F53EBA00FB9B71 /* FavouritesData.swift in Sources */ = {isa = PBXBuildFile; fileRef = 3FC2400A29F53EBA00FB9B71 /* FavouritesData.swift */; };
		3FC2400D29F5421300FB9B71 /* CounterView.swift in Sources */ = {isa = PBXBuildFile; fileRef = 3FC2400C29F5421300FB9B71 /* CounterView.swift */; };
		3FC2400F29F5422F00FB9B71 /* FavouriteListView.swift in Sources */ = {isa = PBXBuildFile; fileRef = 3FC2400E29F5422F00FB9B71 /* FavouriteListView.swift */; };
		3FC2401329F56F0600FB9B71 /* CounterLogic.swift in Sources */ = {isa = PBXBuildFile; fileRef = 3FC2401229F56F0600FB9B71 /* CounterLogic.swift */; };
		3FC2401529F5701400FB9B71 /* CounterClass.swift in Sources */ = {isa = PBXBuildFile; fileRef = 3FC2401429F5701400FB9B71 /* CounterClass.swift */; };
		3FC2401829F5787500FB9B71 /* ButtonStyles.swift in Sources */ = {isa = PBXBuildFile; fileRef = 3FC2401729F5787500FB9B71 /* ButtonStyles.swift */; };
		3FC2401A29F5803300FB9B71 /* NavigationMaster.swift in Sources */ = {isa = PBXBuildFile; fileRef = 3FC2401929F5803300FB9B71 /* NavigationMaster.swift */; };
/* End PBXBuildFile section */

/* Begin PBXFileReference section */
		3FC23FF829F53E4200FB9B71 /* SwiftUISample.app */ = {isa = PBXFileReference; explicitFileType = wrapper.application; includeInIndex = 0; path = SwiftUISample.app; sourceTree = BUILT_PRODUCTS_DIR; };
		3FC23FFB29F53E4200FB9B71 /* SwiftUISampleApp.swift */ = {isa = PBXFileReference; lastKnownFileType = sourcecode.swift; path = SwiftUISampleApp.swift; sourceTree = "<group>"; };
		3FC23FFD29F53E4200FB9B71 /* AppHome.swift */ = {isa = PBXFileReference; lastKnownFileType = sourcecode.swift; path = AppHome.swift; sourceTree = "<group>"; };
		3FC23FFF29F53E4300FB9B71 /* Assets.xcassets */ = {isa = PBXFileReference; lastKnownFileType = folder.assetcatalog; path = Assets.xcassets; sourceTree = "<group>"; };
		3FC2400129F53E4300FB9B71 /* SwiftUISample.entitlements */ = {isa = PBXFileReference; lastKnownFileType = text.plist.entitlements; path = SwiftUISample.entitlements; sourceTree = "<group>"; };
		3FC2400329F53E4300FB9B71 /* Preview Assets.xcassets */ = {isa = PBXFileReference; lastKnownFileType = folder.assetcatalog; path = "Preview Assets.xcassets"; sourceTree = "<group>"; };
		3FC2400A29F53EBA00FB9B71 /* FavouritesData.swift */ = {isa = PBXFileReference; lastKnownFileType = sourcecode.swift; path = FavouritesData.swift; sourceTree = "<group>"; };
		3FC2400C29F5421300FB9B71 /* CounterView.swift */ = {isa = PBXFileReference; lastKnownFileType = sourcecode.swift; path = CounterView.swift; sourceTree = "<group>"; };
		3FC2400E29F5422F00FB9B71 /* FavouriteListView.swift */ = {isa = PBXFileReference; lastKnownFileType = sourcecode.swift; path = FavouriteListView.swift; sourceTree = "<group>"; };
		3FC2401229F56F0600FB9B71 /* CounterLogic.swift */ = {isa = PBXFileReference; lastKnownFileType = sourcecode.swift; path = CounterLogic.swift; sourceTree = "<group>"; };
		3FC2401429F5701400FB9B71 /* CounterClass.swift */ = {isa = PBXFileReference; lastKnownFileType = sourcecode.swift; path = CounterClass.swift; sourceTree = "<group>"; };
		3FC2401729F5787500FB9B71 /* ButtonStyles.swift */ = {isa = PBXFileReference; lastKnownFileType = sourcecode.swift; path = ButtonStyles.swift; sourceTree = "<group>"; };
		3FC2401929F5803300FB9B71 /* NavigationMaster.swift */ = {isa = PBXFileReference; lastKnownFileType = sourcecode.swift; path = NavigationMaster.swift; sourceTree = "<group>"; };
/* End PBXFileReference section */

/* Begin PBXFrameworksBuildPhase section */
		3FC23FF529F53E4200FB9B71 /* Frameworks */ = {
			isa = PBXFrameworksBuildPhase;
			buildActionMask = 2147483647;
			files = (
			);
			runOnlyForDeploymentPostprocessing = 0;
		};
/* End PBXFrameworksBuildPhase section */

/* Begin PBXGroup section */
		3FC23FEF29F53E4200FB9B71 = {
			isa = PBXGroup;
			children = (
				3FC23FFA29F53E4200FB9B71 /* SwiftUISample */,
				3FC23FF929F53E4200FB9B71 /* Products */,
			);
			sourceTree = "<group>";
		};
		3FC23FF929F53E4200FB9B71 /* Products */ = {
			isa = PBXGroup;
			children = (
				3FC23FF829F53E4200FB9B71 /* SwiftUISample.app */,
			);
			name = Products;
			sourceTree = "<group>";
		};
		3FC23FFA29F53E4200FB9B71 /* SwiftUISample */ = {
			isa = PBXGroup;
			children = (
				3FC23FFB29F53E4200FB9B71 /* SwiftUISampleApp.swift */,
				3FC2401029F565EA00FB9B71 /* Views */,
				3FC2401629F5782400FB9B71 /* Logic */,
				3FC2401129F565F700FB9B71 /* Data */,
				3FC23FFF29F53E4300FB9B71 /* Assets.xcassets */,
				3FC2400129F53E4300FB9B71 /* SwiftUISample.entitlements */,
				3FC2400229F53E4300FB9B71 /* Preview Content */,
			);
			path = SwiftUISample;
			sourceTree = "<group>";
		};
		3FC2400229F53E4300FB9B71 /* Preview Content */ = {
			isa = PBXGroup;
			children = (
				3FC2400329F53E4300FB9B71 /* Preview Assets.xcassets */,
			);
			path = "Preview Content";
			sourceTree = "<group>";
		};
		3FC2401029F565EA00FB9B71 /* Views */ = {
			isa = PBXGroup;
			children = (
				3FC23FFD29F53E4200FB9B71 /* AppHome.swift */,
				3FC2400C29F5421300FB9B71 /* CounterView.swift */,
				3FC2400E29F5422F00FB9B71 /* FavouriteListView.swift */,
				3FC2401B29F5814100FB9B71 /* Styles */,
			);
			path = Views;
			sourceTree = "<group>";
		};
		3FC2401129F565F700FB9B71 /* Data */ = {
			isa = PBXGroup;
			children = (
				3FC2400A29F53EBA00FB9B71 /* FavouritesData.swift */,
			);
			path = Data;
			sourceTree = "<group>";
		};
		3FC2401629F5782400FB9B71 /* Logic */ = {
			isa = PBXGroup;
			children = (
				3FC2401229F56F0600FB9B71 /* CounterLogic.swift */,
				3FC2401429F5701400FB9B71 /* CounterClass.swift */,
			);
			path = Logic;
			sourceTree = "<group>";
		};
		3FC2401B29F5814100FB9B71 /* Styles */ = {
			isa = PBXGroup;
			children = (
				3FC2401729F5787500FB9B71 /* ButtonStyles.swift */,
				3FC2401929F5803300FB9B71 /* NavigationMaster.swift */,
			);
			path = Styles;
			sourceTree = "<group>";
		};
/* End PBXGroup section */

/* Begin PBXNativeTarget section */
		3FC23FF729F53E4200FB9B71 /* SwiftUISample */ = {
			isa = PBXNativeTarget;
			buildConfigurationList = 3FC2400729F53E4300FB9B71 /* Build configuration list for PBXNativeTarget "SwiftUISample" */;
			buildPhases = (
				3FC23FF429F53E4200FB9B71 /* Sources */,
				3FC23FF529F53E4200FB9B71 /* Frameworks */,
				3FC23FF629F53E4200FB9B71 /* Resources */,
			);
			buildRules = (
			);
			dependencies = (
			);
			name = SwiftUISample;
			productName = SwiftUISample;
			productReference = 3FC23FF829F53E4200FB9B71 /* SwiftUISample.app */;
			productType = "com.apple.product-type.application";
		};
/* End PBXNativeTarget section */

/* Begin PBXProject section */
		3FC23FF029F53E4200FB9B71 /* Project object */ = {
			isa = PBXProject;
			attributes = {
				BuildIndependentTargetsInParallel = 1;
				LastSwiftUpdateCheck = 1420;
				LastUpgradeCheck = 1420;
				TargetAttributes = {
					3FC23FF729F53E4200FB9B71 = {
						CreatedOnToolsVersion = 14.2;
					};
				};
			};
			buildConfigurationList = 3FC23FF329F53E4200FB9B71 /* Build configuration list for PBXProject "SwiftUISample" */;
			compatibilityVersion = "Xcode 14.0";
			developmentRegion = en;
			hasScannedForEncodings = 0;
			knownRegions = (
				en,
				Base,
			);
			mainGroup = 3FC23FEF29F53E4200FB9B71;
			productRefGroup = 3FC23FF929F53E4200FB9B71 /* Products */;
			projectDirPath = "";
			projectRoot = "";
			targets = (
				3FC23FF729F53E4200FB9B71 /* SwiftUISample */,
			);
		};
/* End PBXProject section */

/* Begin PBXResourcesBuildPhase section */
		3FC23FF629F53E4200FB9B71 /* Resources */ = {
			isa = PBXResourcesBuildPhase;
			buildActionMask = 2147483647;
			files = (
				3FC2400429F53E4300FB9B71 /* Preview Assets.xcassets in Resources */,
				3FC2400029F53E4300FB9B71 /* Assets.xcassets in Resources */,
			);
			runOnlyForDeploymentPostprocessing = 0;
		};
/* End PBXResourcesBuildPhase section */

/* Begin PBXSourcesBuildPhase section */
		3FC23FF429F53E4200FB9B71 /* Sources */ = {
			isa = PBXSourcesBuildPhase;
			buildActionMask = 2147483647;
			files = (
				3FC2401A29F5803300FB9B71 /* NavigationMaster.swift in Sources */,
				3FC2401529F5701400FB9B71 /* CounterClass.swift in Sources */,
				3FC2400B29F53EBA00FB9B71 /* FavouritesData.swift in Sources */,
				3FC2400F29F5422F00FB9B71 /* FavouriteListView.swift in Sources */,
				3FC23FFE29F53E4200FB9B71 /* AppHome.swift in Sources */,
				3FC2401329F56F0600FB9B71 /* CounterLogic.swift in Sources */,
				3FC2401829F5787500FB9B71 /* ButtonStyles.swift in Sources */,
				3FC23FFC29F53E4200FB9B71 /* SwiftUISampleApp.swift in Sources */,
				3FC2400D29F5421300FB9B71 /* CounterView.swift in Sources */,
			);
			runOnlyForDeploymentPostprocessing = 0;
		};
/* End PBXSourcesBuildPhase section */

/* Begin XCBuildConfiguration section */
		3FC2400529F53E4300FB9B71 /* Debug */ = {
			isa = XCBuildConfiguration;
			buildSettings = {
				ALWAYS_SEARCH_USER_PATHS = NO;
				CLANG_ANALYZER_NONNULL = YES;
				CLANG_ANALYZER_NUMBER_OBJECT_CONVERSION = YES_AGGRESSIVE;
				CLANG_CXX_LANGUAGE_STANDARD = "gnu++20";
				CLANG_ENABLE_MODULES = YES;
				CLANG_ENABLE_OBJC_ARC = YES;
				CLANG_ENABLE_OBJC_WEAK = YES;
				CLANG_WARN_BLOCK_CAPTURE_AUTORELEASING = YES;
				CLANG_WARN_BOOL_CONVERSION = YES;
				CLANG_WARN_COMMA = YES;
				CLANG_WARN_CONSTANT_CONVERSION = YES;
				CLANG_WARN_DEPRECATED_OBJC_IMPLEMENTATIONS = YES;
				CLANG_WARN_DIRECT_OBJC_ISA_USAGE = YES_ERROR;
				CLANG_WARN_DOCUMENTATION_COMMENTS = YES;
				CLANG_WARN_EMPTY_BODY = YES;
				CLANG_WARN_ENUM_CONVERSION = YES;
				CLANG_WARN_INFINITE_RECURSION = YES;
				CLANG_WARN_INT_CONVERSION = YES;
				CLANG_WARN_NON_LITERAL_NULL_CONVERSION = YES;
				CLANG_WARN_OBJC_IMPLICIT_RETAIN_SELF = YES;
				CLANG_WARN_OBJC_LITERAL_CONVERSION = YES;
				CLANG_WARN_OBJC_ROOT_CLASS = YES_ERROR;
				CLANG_WARN_QUOTED_INCLUDE_IN_FRAMEWORK_HEADER = YES;
				CLANG_WARN_RANGE_LOOP_ANALYSIS = YES;
				CLANG_WARN_STRICT_PROTOTYPES = YES;
				CLANG_WARN_SUSPICIOUS_MOVE = YES;
				CLANG_WARN_UNGUARDED_AVAILABILITY = YES_AGGRESSIVE;
				CLANG_WARN_UNREACHABLE_CODE = YES;
				CLANG_WARN__DUPLICATE_METHOD_MATCH = YES;
				COPY_PHASE_STRIP = NO;
				DEBUG_INFORMATION_FORMAT = dwarf;
				ENABLE_STRICT_OBJC_MSGSEND = YES;
				ENABLE_TESTABILITY = YES;
				GCC_C_LANGUAGE_STANDARD = gnu11;
				GCC_DYNAMIC_NO_PIC = NO;
				GCC_NO_COMMON_BLOCKS = YES;
				GCC_OPTIMIZATION_LEVEL = 0;
				GCC_PREPROCESSOR_DEFINITIONS = (
					"DEBUG=1",
					"$(inherited)",
				);
				GCC_WARN_64_TO_32_BIT_CONVERSION = YES;
				GCC_WARN_ABOUT_RETURN_TYPE = YES_ERROR;
				GCC_WARN_UNDECLARED_SELECTOR = YES;
				GCC_WARN_UNINITIALIZED_AUTOS = YES_AGGRESSIVE;
				GCC_WARN_UNUSED_FUNCTION = YES;
				GCC_WARN_UNUSED_VARIABLE = YES;
				MTL_ENABLE_DEBUG_INFO = INCLUDE_SOURCE;
				MTL_FAST_MATH = YES;
				ONLY_ACTIVE_ARCH = YES;
				SWIFT_ACTIVE_COMPILATION_CONDITIONS = DEBUG;
				SWIFT_OPTIMIZATION_LEVEL = "-Onone";
			};
			name = Debug;
		};
		3FC2400629F53E4300FB9B71 /* Release */ = {
			isa = XCBuildConfiguration;
			buildSettings = {
				ALWAYS_SEARCH_USER_PATHS = NO;
				CLANG_ANALYZER_NONNULL = YES;
				CLANG_ANALYZER_NUMBER_OBJECT_CONVERSION = YES_AGGRESSIVE;
				CLANG_CXX_LANGUAGE_STANDARD = "gnu++20";
				CLANG_ENABLE_MODULES = YES;
				CLANG_ENABLE_OBJC_ARC = YES;
				CLANG_ENABLE_OBJC_WEAK = YES;
				CLANG_WARN_BLOCK_CAPTURE_AUTORELEASING = YES;
				CLANG_WARN_BOOL_CONVERSION = YES;
				CLANG_WARN_COMMA = YES;
				CLANG_WARN_CONSTANT_CONVERSION = YES;
				CLANG_WARN_DEPRECATED_OBJC_IMPLEMENTATIONS = YES;
				CLANG_WARN_DIRECT_OBJC_ISA_USAGE = YES_ERROR;
				CLANG_WARN_DOCUMENTATION_COMMENTS = YES;
				CLANG_WARN_EMPTY_BODY = YES;
				CLANG_WARN_ENUM_CONVERSION = YES;
				CLANG_WARN_INFINITE_RECURSION = YES;
				CLANG_WARN_INT_CONVERSION = YES;
				CLANG_WARN_NON_LITERAL_NULL_CONVERSION = YES;
				CLANG_WARN_OBJC_IMPLICIT_RETAIN_SELF = YES;
				CLANG_WARN_OBJC_LITERAL_CONVERSION = YES;
				CLANG_WARN_OBJC_ROOT_CLASS = YES_ERROR;
				CLANG_WARN_QUOTED_INCLUDE_IN_FRAMEWORK_HEADER = YES;
				CLANG_WARN_RANGE_LOOP_ANALYSIS = YES;
				CLANG_WARN_STRICT_PROTOTYPES = YES;
				CLANG_WARN_SUSPICIOUS_MOVE = YES;
				CLANG_WARN_UNGUARDED_AVAILABILITY = YES_AGGRESSIVE;
				CLANG_WARN_UNREACHABLE_CODE = YES;
				CLANG_WARN__DUPLICATE_METHOD_MATCH = YES;
				COPY_PHASE_STRIP = NO;
				DEBUG_INFORMATION_FORMAT = "dwarf-with-dsym";
				ENABLE_NS_ASSERTIONS = NO;
				ENABLE_STRICT_OBJC_MSGSEND = YES;
				GCC_C_LANGUAGE_STANDARD = gnu11;
				GCC_NO_COMMON_BLOCKS = YES;
				GCC_WARN_64_TO_32_BIT_CONVERSION = YES;
				GCC_WARN_ABOUT_RETURN_TYPE = YES_ERROR;
				GCC_WARN_UNDECLARED_SELECTOR = YES;
				GCC_WARN_UNINITIALIZED_AUTOS = YES_AGGRESSIVE;
				GCC_WARN_UNUSED_FUNCTION = YES;
				GCC_WARN_UNUSED_VARIABLE = YES;
				MTL_ENABLE_DEBUG_INFO = NO;
				MTL_FAST_MATH = YES;
				SWIFT_COMPILATION_MODE = wholemodule;
				SWIFT_OPTIMIZATION_LEVEL = "-O";
			};
			name = Release;
		};
		3FC2400829F53E4300FB9B71 /* Debug */ = {
			isa = XCBuildConfiguration;
			buildSettings = {
				ASSETCATALOG_COMPILER_APPICON_NAME = AppIcon;
				ASSETCATALOG_COMPILER_GLOBAL_ACCENT_COLOR_NAME = AccentColor;
				CODE_SIGN_ENTITLEMENTS = SwiftUISample/SwiftUISample.entitlements;
				CODE_SIGN_STYLE = Automatic;
				CURRENT_PROJECT_VERSION = 1;
				DEVELOPMENT_ASSET_PATHS = "\"SwiftUISample/Preview Content\"";
				DEVELOPMENT_TEAM = 9QK4VS8NDD;
				ENABLE_HARDENED_RUNTIME = YES;
				ENABLE_PREVIEWS = YES;
				GENERATE_INFOPLIST_FILE = YES;
				"INFOPLIST_KEY_UIApplicationSceneManifest_Generation[sdk=iphoneos*]" = YES;
				"INFOPLIST_KEY_UIApplicationSceneManifest_Generation[sdk=iphonesimulator*]" = YES;
				"INFOPLIST_KEY_UIApplicationSupportsIndirectInputEvents[sdk=iphoneos*]" = YES;
				"INFOPLIST_KEY_UIApplicationSupportsIndirectInputEvents[sdk=iphonesimulator*]" = YES;
				"INFOPLIST_KEY_UILaunchScreen_Generation[sdk=iphoneos*]" = YES;
				"INFOPLIST_KEY_UILaunchScreen_Generation[sdk=iphonesimulator*]" = YES;
				"INFOPLIST_KEY_UIStatusBarStyle[sdk=iphoneos*]" = UIStatusBarStyleDefault;
				"INFOPLIST_KEY_UIStatusBarStyle[sdk=iphonesimulator*]" = UIStatusBarStyleDefault;
				INFOPLIST_KEY_UISupportedInterfaceOrientations_iPad = "UIInterfaceOrientationPortrait UIInterfaceOrientationPortraitUpsideDown UIInterfaceOrientationLandscapeLeft UIInterfaceOrientationLandscapeRight";
				INFOPLIST_KEY_UISupportedInterfaceOrientations_iPhone = "UIInterfaceOrientationPortrait UIInterfaceOrientationLandscapeLeft UIInterfaceOrientationLandscapeRight";
				IPHONEOS_DEPLOYMENT_TARGET = 16.2;
				LD_RUNPATH_SEARCH_PATHS = "@executable_path/Frameworks";
				"LD_RUNPATH_SEARCH_PATHS[sdk=macosx*]" = "@executable_path/../Frameworks";
				MACOSX_DEPLOYMENT_TARGET = 13.1;
				MARKETING_VERSION = 1.0;
				PRODUCT_BUNDLE_IDENTIFIER = com.domnic.test.SwiftUISample;
				PRODUCT_NAME = "$(TARGET_NAME)";
				SDKROOT = auto;
				SUPPORTED_PLATFORMS = "iphoneos iphonesimulator macosx";
				SWIFT_EMIT_LOC_STRINGS = YES;
				SWIFT_VERSION = 5.0;
				TARGETED_DEVICE_FAMILY = "1,2";
			};
			name = Debug;
		};
		3FC2400929F53E4300FB9B71 /* Release */ = {
			isa = XCBuildConfiguration;
			buildSettings = {
				ASSETCATALOG_COMPILER_APPICON_NAME = AppIcon;
				ASSETCATALOG_COMPILER_GLOBAL_ACCENT_COLOR_NAME = AccentColor;
				CODE_SIGN_ENTITLEMENTS = SwiftUISample/SwiftUISample.entitlements;
				CODE_SIGN_STYLE = Automatic;
				CURRENT_PROJECT_VERSION = 1;
				DEVELOPMENT_ASSET_PATHS = "\"SwiftUISample/Preview Content\"";
				DEVELOPMENT_TEAM = 9QK4VS8NDD;
				ENABLE_HARDENED_RUNTIME = YES;
				ENABLE_PREVIEWS = YES;
				GENERATE_INFOPLIST_FILE = YES;
				"INFOPLIST_KEY_UIApplicationSceneManifest_Generation[sdk=iphoneos*]" = YES;
				"INFOPLIST_KEY_UIApplicationSceneManifest_Generation[sdk=iphonesimulator*]" = YES;
				"INFOPLIST_KEY_UIApplicationSupportsIndirectInputEvents[sdk=iphoneos*]" = YES;
				"INFOPLIST_KEY_UIApplicationSupportsIndirectInputEvents[sdk=iphonesimulator*]" = YES;
				"INFOPLIST_KEY_UILaunchScreen_Generation[sdk=iphoneos*]" = YES;
				"INFOPLIST_KEY_UILaunchScreen_Generation[sdk=iphonesimulator*]" = YES;
				"INFOPLIST_KEY_UIStatusBarStyle[sdk=iphoneos*]" = UIStatusBarStyleDefault;
				"INFOPLIST_KEY_UIStatusBarStyle[sdk=iphonesimulator*]" = UIStatusBarStyleDefault;
				INFOPLIST_KEY_UISupportedInterfaceOrientations_iPad = "UIInterfaceOrientationPortrait UIInterfaceOrientationPortraitUpsideDown UIInterfaceOrientationLandscapeLeft UIInterfaceOrientationLandscapeRight";
				INFOPLIST_KEY_UISupportedInterfaceOrientations_iPhone = "UIInterfaceOrientationPortrait UIInterfaceOrientationLandscapeLeft UIInterfaceOrientationLandscapeRight";
				IPHONEOS_DEPLOYMENT_TARGET = 16.2;
				LD_RUNPATH_SEARCH_PATHS = "@executable_path/Frameworks";
				"LD_RUNPATH_SEARCH_PATHS[sdk=macosx*]" = "@executable_path/../Frameworks";
				MACOSX_DEPLOYMENT_TARGET = 13.1;
				MARKETING_VERSION = 1.0;
				PRODUCT_BUNDLE_IDENTIFIER = com.domnic.test.SwiftUISample;
				PRODUCT_NAME = "$(TARGET_NAME)";
				SDKROOT = auto;
				SUPPORTED_PLATFORMS = "iphoneos iphonesimulator macosx";
				SWIFT_EMIT_LOC_STRINGS = YES;
				SWIFT_VERSION = 5.0;
				TARGETED_DEVICE_FAMILY = "1,2";
			};
			name = Release;
		};
/* End XCBuildConfiguration section */

/* Begin XCConfigurationList section */
		3FC23FF329F53E4200FB9B71 /* Build configuration list for PBXProject "SwiftUISample" */ = {
			isa = XCConfigurationList;
			buildConfigurations = (
				3FC2400529F53E4300FB9B71 /* Debug */,
				3FC2400629F53E4300FB9B71 /* Release */,
			);
			defaultConfigurationIsVisible = 0;
			defaultConfigurationName = Release;
		};
		3FC2400729F53E4300FB9B71 /* Build configuration list for PBXNativeTarget "SwiftUISample" */ = {
			isa = XCConfigurationList;
			buildConfigurations = (
				3FC2400829F53E4300FB9B71 /* Debug */,
				3FC2400929F53E4300FB9B71 /* Release */,
			);
			defaultConfigurationIsVisible = 0;
			defaultConfigurationName = Release;
		};
/* End XCConfigurationList section */
	};
	rootObject = 3FC23FF029F53E4200FB9B71 /* Project object */;
}
